
Microsoft Visual Studio Solution File, Format Version 12.00
# Visual Studio Version 17
VisualStudioVersion = 17.5.002.0
MinimumVisualStudioVersion = 10.0.40219.1
Project("{2150E333-8FDC-42A3-9474-1A3956D46DE8}") = "src", "src", "{F5D60228-0955-4CF7-89F4-7FD00849FCDC}"
EndProject
Project("{9A19103F-16F7-4668-BE54-9A1E7A4F7556}") = "Swyp.Sync", "src\Swyp.Sync\Swyp.Sync.csproj", "{156C47CF-6D37-46B9-BBA9-6DFE74D5D801}"
EndProject
Global
	GlobalSection(SolutionConfigurationPlatforms) = preSolution
		Debug|Any CPU = Debug|Any CPU
		Release|Any CPU = Release|Any CPU
	EndGlobalSection
	GlobalSection(ProjectConfigurationPlatforms) = postSolution
		{156C47CF-6D37-46B9-BBA9-6DFE74D5D801}.Debug|Any CPU.ActiveCfg = Debug|Any CPU
		{156C47CF-6D37-46B9-BBA9-6DFE74D5D801}.Debug|Any CPU.Build.0 = Debug|Any CPU
		{156C47CF-6D37-46B9-BBA9-6DFE74D5D801}.Release|Any CPU.ActiveCfg = Release|Any CPU
		{156C47CF-6D37-46B9-BBA9-6DFE74D5D801}.Release|Any CPU.Build.0 = Release|Any CPU
	EndGlobalSection
	GlobalSection(SolutionProperties) = preSolution
		HideSolutionNode = FALSE
	EndGlobalSection
	GlobalSection(NestedProjects) = preSolution
		{156C47CF-6D37-46B9-BBA9-6DFE74D5D801} = {F5D60228-0955-4CF7-89F4-7FD00849FCDC}
	EndGlobalSection
	GlobalSection(ExtensibilityGlobals) = postSolution
		SolutionGuid = {DDCDA8AB-5BA2-401E-8EA0-4FE6363DAA77}
	EndGlobalSection
EndGlobal
